
Microsoft Visual Studio Solution File, Format Version 12.00
# Visual Studio 2013
VisualStudioVersion = 12.0.40629.0
MinimumVisualStudioVersion = 10.0.40219.1
Project("{FAE04EC0-301F-11D3-BF4B-00C04F79EFBC}") = "Rail", "Cheque\Rail.csproj", "{A3EF01CA-602F-4951-AA79-731FB35F2AD8}"
EndProject
Project("{6141683F-8A12-4E36-9623-2EB02B2C2303}") = "Setup", "Setup\Setup.isproj", "{C72BA7FA-5D8B-42C7-96DC-B0E155EF8C31}"
	ProjectSection(ProjectDependencies) = postProject
		{A3EF01CA-602F-4951-AA79-731FB35F2AD8} = {A3EF01CA-602F-4951-AA79-731FB35F2AD8}
	EndProjectSection
EndProject
Global
	GlobalSection(SolutionConfigurationPlatforms) = preSolution
		CD_ROM|Any CPU = CD_ROM|Any CPU
		Debug|Any CPU = Debug|Any CPU
		DVD-5|Any CPU = DVD-5|Any CPU
		Release|Any CPU = Release|Any CPU
		SingleImage|Any CPU = SingleImage|Any CPU
	EndGlobalSection
	GlobalSection(ProjectConfigurationPlatforms) = postSolution
		{A3EF01CA-602F-4951-AA79-731FB35F2AD8}.CD_ROM|Any CPU.ActiveCfg = Release|Any CPU
		{A3EF01CA-602F-4951-AA79-731FB35F2AD8}.CD_ROM|Any CPU.Build.0 = Release|Any CPU
		{A3EF01CA-602F-4951-AA79-731FB35F2AD8}.Debug|Any CPU.ActiveCfg = Debug|Any CPU
		{A3EF01CA-602F-4951-AA79-731FB35F2AD8}.Debug|Any CPU.Build.0 = Debug|Any CPU
		{A3EF01CA-602F-4951-AA79-731FB35F2AD8}.DVD-5|Any CPU.ActiveCfg = Debug|Any CPU
		{A3EF01CA-602F-4951-AA79-731FB35F2AD8}.DVD-5|Any CPU.Build.0 = Debug|Any CPU
		{A3EF01CA-602F-4951-AA79-731FB35F2AD8}.Release|Any CPU.ActiveCfg = Release|Any CPU
		{A3EF01CA-602F-4951-AA79-731FB35F2AD8}.Release|Any CPU.Build.0 = Release|Any CPU
		{A3EF01CA-602F-4951-AA79-731FB35F2AD8}.SingleImage|Any CPU.ActiveCfg = Release|Any CPU
		{A3EF01CA-602F-4951-AA79-731FB35F2AD8}.SingleImage|Any CPU.Build.0 = Release|Any CPU
		{C72BA7FA-5D8B-42C7-96DC-B0E155EF8C31}.CD_ROM|Any CPU.ActiveCfg = CD_ROM
		{C72BA7FA-5D8B-42C7-96DC-B0E155EF8C31}.CD_ROM|Any CPU.Build.0 = CD_ROM
		{C72BA7FA-5D8B-42C7-96DC-B0E155EF8C31}.Debug|Any CPU.ActiveCfg = DVD-5
		{C72BA7FA-5D8B-42C7-96DC-B0E155EF8C31}.Debug|Any CPU.Build.0 = DVD-5
		{C72BA7FA-5D8B-42C7-96DC-B0E155EF8C31}.DVD-5|Any CPU.ActiveCfg = DVD-5
		{C72BA7FA-5D8B-42C7-96DC-B0E155EF8C31}.DVD-5|Any CPU.Build.0 = DVD-5
		{C72BA7FA-5D8B-42C7-96DC-B0E155EF8C31}.Release|Any CPU.ActiveCfg = SingleImage
		{C72BA7FA-5D8B-42C7-96DC-B0E155EF8C31}.Release|Any CPU.Build.0 = SingleImage
		{C72BA7FA-5D8B-42C7-96DC-B0E155EF8C31}.SingleImage|Any CPU.ActiveCfg = SingleImage
		{C72BA7FA-5D8B-42C7-96DC-B0E155EF8C31}.SingleImage|Any CPU.Build.0 = SingleImage
	EndGlobalSection
	GlobalSection(SolutionProperties) = preSolution
		HideSolutionNode = FALSE
	EndGlobalSection
EndGlobal
